
Microsoft Visual Studio Solution File, Format Version 12.00
# Visual Studio Version 17
VisualStudioVersion = 17.10.35013.160
MinimumVisualStudioVersion = 10.0.40219.1
Project("{9A19103F-16F7-4668-BE54-9A1E7A4F7556}") = "ProductApi.Application", "ProductApi.Application\ProductApi.Application.csproj", "{0221AEA3-6A4E-480D-B01E-21D3F09012A6}"
EndProject
Project("{9A19103F-16F7-4668-BE54-9A1E7A4F7556}") = "ProductApi.Domain", "ProductApi.Domain\ProductApi.Domain.csproj", "{0E5D54E6-AA98-462C-8ED4-A81786B85192}"
EndProject
Project("{9A19103F-16F7-4668-BE54-9A1E7A4F7556}") = "ProductApi.Infrastructure", "ProductApi.Infrastructure\ProductApi.Infrastructure.csproj", "{1F4A9C58-3650-42E8-B6D4-6B394785422C}"
EndProject
Project("{9A19103F-16F7-4668-BE54-9A1E7A4F7556}") = "ProductApi.Presentation", "ProductApi.Presentation\ProductApi.Presentation.csproj", "{0F8AF94E-01FA-4CCB-8B46-F7981F6A8291}"
EndProject
Project("{9A19103F-16F7-4668-BE54-9A1E7A4F7556}") = "ECom.SharedLibrary", "..\SharedLibrarySolution\ECom.SharedLibrary\ECom.SharedLibrary.csproj", "{1B8C00BC-25DE-4A6B-A52E-29230AD02CDB}"
EndProject
Global
	GlobalSection(SolutionConfigurationPlatforms) = preSolution
		Debug|Any CPU = Debug|Any CPU
		Release|Any CPU = Release|Any CPU
	EndGlobalSection
	GlobalSection(ProjectConfigurationPlatforms) = postSolution
		{0221AEA3-6A4E-480D-B01E-21D3F09012A6}.Debug|Any CPU.ActiveCfg = Debug|Any CPU
		{0221AEA3-6A4E-480D-B01E-21D3F09012A6}.Debug|Any CPU.Build.0 = Debug|Any CPU
		{0221AEA3-6A4E-480D-B01E-21D3F09012A6}.Release|Any CPU.ActiveCfg = Release|Any CPU
		{0221AEA3-6A4E-480D-B01E-21D3F09012A6}.Release|Any CPU.Build.0 = Release|Any CPU
		{0E5D54E6-AA98-462C-8ED4-A81786B85192}.Debug|Any CPU.ActiveCfg = Debug|Any CPU
		{0E5D54E6-AA98-462C-8ED4-A81786B85192}.Debug|Any CPU.Build.0 = Debug|Any CPU
		{0E5D54E6-AA98-462C-8ED4-A81786B85192}.Release|Any CPU.ActiveCfg = Release|Any CPU
		{0E5D54E6-AA98-462C-8ED4-A81786B85192}.Release|Any CPU.Build.0 = Release|Any CPU
		{1F4A9C58-3650-42E8-B6D4-6B394785422C}.Debug|Any CPU.ActiveCfg = Debug|Any CPU
		{1F4A9C58-3650-42E8-B6D4-6B394785422C}.Debug|Any CPU.Build.0 = Debug|Any CPU
		{1F4A9C58-3650-42E8-B6D4-6B394785422C}.Release|Any CPU.ActiveCfg = Release|Any CPU
		{1F4A9C58-3650-42E8-B6D4-6B394785422C}.Release|Any CPU.Build.0 = Release|Any CPU
		{0F8AF94E-01FA-4CCB-8B46-F7981F6A8291}.Debug|Any CPU.ActiveCfg = Debug|Any CPU
		{0F8AF94E-01FA-4CCB-8B46-F7981F6A8291}.Debug|Any CPU.Build.0 = Debug|Any CPU
		{0F8AF94E-01FA-4CCB-8B46-F7981F6A8291}.Release|Any CPU.ActiveCfg = Release|Any CPU
		{0F8AF94E-01FA-4CCB-8B46-F7981F6A8291}.Release|Any CPU.Build.0 = Release|Any CPU
		{1B8C00BC-25DE-4A6B-A52E-29230AD02CDB}.Debug|Any CPU.ActiveCfg = Debug|Any CPU
		{1B8C00BC-25DE-4A6B-A52E-29230AD02CDB}.Debug|Any CPU.Build.0 = Debug|Any CPU
		{1B8C00BC-25DE-4A6B-A52E-29230AD02CDB}.Release|Any CPU.ActiveCfg = Release|Any CPU
		{1B8C00BC-25DE-4A6B-A52E-29230AD02CDB}.Release|Any CPU.Build.0 = Release|Any CPU
	EndGlobalSection
	GlobalSection(SolutionProperties) = preSolution
		HideSolutionNode = FALSE
	EndGlobalSection
	GlobalSection(ExtensibilityGlobals) = postSolution
		SolutionGuid = {E7F451FE-8057-491C-93D8-6FD2E89A42D7}
	EndGlobalSection
EndGlobal
