
Microsoft Visual Studio Solution File, Format Version 12.00
# Visual Studio Version 17
VisualStudioVersion = 17.10.35013.160
MinimumVisualStudioVersion = 10.0.40219.1
Project("{FAE04EC0-301F-11D3-BF4B-00C04F79EFBC}") = "AuthenticationApi.Application", "AuthenticationApi.Application\AuthenticationApi.Application.csproj", "{519E5A15-D076-401F-B0BE-285D1740D4CF}"
EndProject
Project("{FAE04EC0-301F-11D3-BF4B-00C04F79EFBC}") = "AuthenticationApi.Domain", "AuthenticationApi.Domain\AuthenticationApi.Domain.csproj", "{17E52F89-6A66-451F-B21B-A60D45D830E6}"
EndProject
Project("{FAE04EC0-301F-11D3-BF4B-00C04F79EFBC}") = "AuthenticationApi.Infrastructure", "AuthenticationApi.Infrastructure\AuthenticationApi.Infrastructure.csproj", "{38A27F0B-A4DE-4271-863C-944E8924C863}"
EndProject
Project("{FAE04EC0-301F-11D3-BF4B-00C04F79EFBC}") = "AuthenticationApi.Presentation", "AuthenticationApi.Presentation\AuthenticationApi.Presentation.csproj", "{AC1179E9-25EF-447C-ACD8-5F00B8926F06}"
EndProject
Project("{9A19103F-16F7-4668-BE54-9A1E7A4F7556}") = "ECom.SharedLibrary", "..\SharedLibrarySolution\ECom.SharedLibrary\ECom.SharedLibrary.csproj", "{7C41BECD-2B25-4AAB-A308-4DEC57064E7F}"
EndProject
Global
	GlobalSection(SolutionConfigurationPlatforms) = preSolution
		Debug|Any CPU = Debug|Any CPU
		Release|Any CPU = Release|Any CPU
	EndGlobalSection
	GlobalSection(ProjectConfigurationPlatforms) = postSolution
		{519E5A15-D076-401F-B0BE-285D1740D4CF}.Debug|Any CPU.ActiveCfg = Debug|Any CPU
		{519E5A15-D076-401F-B0BE-285D1740D4CF}.Debug|Any CPU.Build.0 = Debug|Any CPU
		{519E5A15-D076-401F-B0BE-285D1740D4CF}.Release|Any CPU.ActiveCfg = Release|Any CPU
		{519E5A15-D076-401F-B0BE-285D1740D4CF}.Release|Any CPU.Build.0 = Release|Any CPU
		{17E52F89-6A66-451F-B21B-A60D45D830E6}.Debug|Any CPU.ActiveCfg = Debug|Any CPU
		{17E52F89-6A66-451F-B21B-A60D45D830E6}.Debug|Any CPU.Build.0 = Debug|Any CPU
		{17E52F89-6A66-451F-B21B-A60D45D830E6}.Release|Any CPU.ActiveCfg = Release|Any CPU
		{17E52F89-6A66-451F-B21B-A60D45D830E6}.Release|Any CPU.Build.0 = Release|Any CPU
		{38A27F0B-A4DE-4271-863C-944E8924C863}.Debug|Any CPU.ActiveCfg = Debug|Any CPU
		{38A27F0B-A4DE-4271-863C-944E8924C863}.Debug|Any CPU.Build.0 = Debug|Any CPU
		{38A27F0B-A4DE-4271-863C-944E8924C863}.Release|Any CPU.ActiveCfg = Release|Any CPU
		{38A27F0B-A4DE-4271-863C-944E8924C863}.Release|Any CPU.Build.0 = Release|Any CPU
		{AC1179E9-25EF-447C-ACD8-5F00B8926F06}.Debug|Any CPU.ActiveCfg = Debug|Any CPU
		{AC1179E9-25EF-447C-ACD8-5F00B8926F06}.Debug|Any CPU.Build.0 = Debug|Any CPU
		{AC1179E9-25EF-447C-ACD8-5F00B8926F06}.Release|Any CPU.ActiveCfg = Release|Any CPU
		{AC1179E9-25EF-447C-ACD8-5F00B8926F06}.Release|Any CPU.Build.0 = Release|Any CPU
		{7C41BECD-2B25-4AAB-A308-4DEC57064E7F}.Debug|Any CPU.ActiveCfg = Debug|Any CPU
		{7C41BECD-2B25-4AAB-A308-4DEC57064E7F}.Debug|Any CPU.Build.0 = Debug|Any CPU
		{7C41BECD-2B25-4AAB-A308-4DEC57064E7F}.Release|Any CPU.ActiveCfg = Release|Any CPU
		{7C41BECD-2B25-4AAB-A308-4DEC57064E7F}.Release|Any CPU.Build.0 = Release|Any CPU
	EndGlobalSection
	GlobalSection(SolutionProperties) = preSolution
		HideSolutionNode = FALSE
	EndGlobalSection
	GlobalSection(ExtensibilityGlobals) = postSolution
		SolutionGuid = {4420F6F6-5E48-4E8D-B1BC-BA9AA57D5D29}
	EndGlobalSection
EndGlobal
