
Microsoft Visual Studio Solution File, Format Version 12.00
# Visual Studio Version 17
VisualStudioVersion = 17.10.35013.160
MinimumVisualStudioVersion = 10.0.40219.1
Project("{FAE04EC0-301F-11D3-BF4B-00C04F79EFBC}") = "OrderApi.Domain", "OrderApi.Domain\OrderApi.Domain.csproj", "{55D7185E-3836-4031-8F73-A27E3BFE706F}"
EndProject
Project("{FAE04EC0-301F-11D3-BF4B-00C04F79EFBC}") = "OrderApi.Application", "OrderApi.Application\OrderApi.Application.csproj", "{53A34A14-BABC-441D-B615-D0E9A228B706}"
EndProject
Project("{FAE04EC0-301F-11D3-BF4B-00C04F79EFBC}") = "OrderApi.Infrastructure", "OrderApi.Infrastructure\OrderApi.Infrastructure.csproj", "{18C3465D-1702-4E70-B880-6AB05636FEBD}"
EndProject
Project("{FAE04EC0-301F-11D3-BF4B-00C04F79EFBC}") = "OrderApi.Presentation", "OrderApi.Presentation\OrderApi.Presentation.csproj", "{D5340B2D-1679-4D45-86EB-692F36AED644}"
EndProject
Project("{9A19103F-16F7-4668-BE54-9A1E7A4F7556}") = "ECom.SharedLibrary", "..\SharedLibrarySolution\ECom.SharedLibrary\ECom.SharedLibrary.csproj", "{7D099CA4-0014-4DCE-9791-CF8DBD16A149}"
EndProject
Global
	GlobalSection(SolutionConfigurationPlatforms) = preSolution
		Debug|Any CPU = Debug|Any CPU
		Release|Any CPU = Release|Any CPU
	EndGlobalSection
	GlobalSection(ProjectConfigurationPlatforms) = postSolution
		{55D7185E-3836-4031-8F73-A27E3BFE706F}.Debug|Any CPU.ActiveCfg = Debug|Any CPU
		{55D7185E-3836-4031-8F73-A27E3BFE706F}.Debug|Any CPU.Build.0 = Debug|Any CPU
		{55D7185E-3836-4031-8F73-A27E3BFE706F}.Release|Any CPU.ActiveCfg = Release|Any CPU
		{55D7185E-3836-4031-8F73-A27E3BFE706F}.Release|Any CPU.Build.0 = Release|Any CPU
		{53A34A14-BABC-441D-B615-D0E9A228B706}.Debug|Any CPU.ActiveCfg = Debug|Any CPU
		{53A34A14-BABC-441D-B615-D0E9A228B706}.Debug|Any CPU.Build.0 = Debug|Any CPU
		{53A34A14-BABC-441D-B615-D0E9A228B706}.Release|Any CPU.ActiveCfg = Release|Any CPU
		{53A34A14-BABC-441D-B615-D0E9A228B706}.Release|Any CPU.Build.0 = Release|Any CPU
		{18C3465D-1702-4E70-B880-6AB05636FEBD}.Debug|Any CPU.ActiveCfg = Debug|Any CPU
		{18C3465D-1702-4E70-B880-6AB05636FEBD}.Debug|Any CPU.Build.0 = Debug|Any CPU
		{18C3465D-1702-4E70-B880-6AB05636FEBD}.Release|Any CPU.ActiveCfg = Release|Any CPU
		{18C3465D-1702-4E70-B880-6AB05636FEBD}.Release|Any CPU.Build.0 = Release|Any CPU
		{D5340B2D-1679-4D45-86EB-692F36AED644}.Debug|Any CPU.ActiveCfg = Debug|Any CPU
		{D5340B2D-1679-4D45-86EB-692F36AED644}.Debug|Any CPU.Build.0 = Debug|Any CPU
		{D5340B2D-1679-4D45-86EB-692F36AED644}.Release|Any CPU.ActiveCfg = Release|Any CPU
		{D5340B2D-1679-4D45-86EB-692F36AED644}.Release|Any CPU.Build.0 = Release|Any CPU
		{7D099CA4-0014-4DCE-9791-CF8DBD16A149}.Debug|Any CPU.ActiveCfg = Debug|Any CPU
		{7D099CA4-0014-4DCE-9791-CF8DBD16A149}.Debug|Any CPU.Build.0 = Debug|Any CPU
		{7D099CA4-0014-4DCE-9791-CF8DBD16A149}.Release|Any CPU.ActiveCfg = Release|Any CPU
		{7D099CA4-0014-4DCE-9791-CF8DBD16A149}.Release|Any CPU.Build.0 = Release|Any CPU
	EndGlobalSection
	GlobalSection(SolutionProperties) = preSolution
		HideSolutionNode = FALSE
	EndGlobalSection
	GlobalSection(ExtensibilityGlobals) = postSolution
		SolutionGuid = {53F8275B-C742-42EC-8D1A-C4DCC30953AB}
	EndGlobalSection
EndGlobal
